
Microsoft Visual Studio Solution File, Format Version 12.00
# Visual Studio Version 16
VisualStudioVersion = 25.0.1700.0
MinimumVisualStudioVersion = 10.0.40219.1
Project("{2150E333-8FDC-42A3-9474-1A3956D46DE8}") = "Solution Files", "Solution Files", "{B43753A5-50FC-4BC3-994C-18D10BD128A6}"
	ProjectSection(SolutionItems) = preProject
		LICENSE = LICENSE
		nuget.config = nuget.config
		README.md = README.md
		.gitignore = .gitignore
		pack.sh = pack.sh
	EndProjectSection
EndProject
Project("{FAE04EC0-301F-11D3-BF4B-00C04F79EFBC}") = "Xamarin.Ios.Plist.Configuration.targets", "Xamarin.Ios.Plist.Configuration.targets\Xamarin.Ios.Plist.Configuration.targets.csproj", "{A922F20C-FCD3-4948-B697-418F7E7CCA2F}"
EndProject
Global
	GlobalSection(SolutionConfigurationPlatforms) = preSolution
		Debug|Any CPU = Debug|Any CPU
		Release|Any CPU = Release|Any CPU
		Debug|iPhoneSimulator = Debug|iPhoneSimulator
		Release|iPhoneSimulator = Release|iPhoneSimulator
		Debug|iPhone = Debug|iPhone
		Release|iPhone = Release|iPhone
	EndGlobalSection
	GlobalSection(ProjectConfigurationPlatforms) = postSolution
		{A922F20C-FCD3-4948-B697-418F7E7CCA2F}.Debug|Any CPU.ActiveCfg = Debug|Any CPU
		{A922F20C-FCD3-4948-B697-418F7E7CCA2F}.Debug|Any CPU.Build.0 = Debug|Any CPU
		{A922F20C-FCD3-4948-B697-418F7E7CCA2F}.Release|Any CPU.ActiveCfg = Release|Any CPU
		{A922F20C-FCD3-4948-B697-418F7E7CCA2F}.Release|Any CPU.Build.0 = Release|Any CPU
	EndGlobalSection
	GlobalSection(SolutionProperties) = preSolution
		HideSolutionNode = FALSE
	EndGlobalSection
	GlobalSection(ExtensibilityGlobals) = postSolution
		SolutionGuid = {200B379E-47F3-44B4-BF89-7B0463244E67}
	EndGlobalSection
	GlobalSection(MonoDevelopProperties) = preSolution
		Policies = $0
		$0.TextStylePolicy = $1
		$1.inheritsSet = null
		$1.scope = application/x-addin+xml
		$0.XmlFormattingPolicy = $2
		$2.inheritsSet = null
		$2.scope = application/x-addin+xml
	EndGlobalSection
EndGlobal
