
Microsoft Visual Studio Solution File, Format Version 12.00
# Visual Studio Version 16
VisualStudioVersion = 25.0.1700.7
MinimumVisualStudioVersion = 10.0.40219.1
Project("{FAE04EC0-301F-11D3-BF4B-00C04F79EFBC}") = "Xamarin.Ios.Plist.Configuration.test", "Xamarin.Ios.Plist.Configuration.test.csproj", "{3E4494D5-2F5F-4952-A022-44F2C5712F35}"
EndProject
Global
	GlobalSection(SolutionConfigurationPlatforms) = preSolution
		Debug|iPhoneSimulator = Debug|iPhoneSimulator
		Release|iPhoneSimulator = Release|iPhoneSimulator
		Debug|iPhone = Debug|iPhone
		Release|iPhone = Release|iPhone
	EndGlobalSection
	GlobalSection(ProjectConfigurationPlatforms) = postSolution
		{3E4494D5-2F5F-4952-A022-44F2C5712F35}.Debug|iPhoneSimulator.ActiveCfg = Debug|iPhoneSimulator
		{3E4494D5-2F5F-4952-A022-44F2C5712F35}.Debug|iPhoneSimulator.Build.0 = Debug|iPhoneSimulator
		{3E4494D5-2F5F-4952-A022-44F2C5712F35}.Release|iPhoneSimulator.ActiveCfg = Release|iPhoneSimulator
		{3E4494D5-2F5F-4952-A022-44F2C5712F35}.Release|iPhoneSimulator.Build.0 = Release|iPhoneSimulator
		{3E4494D5-2F5F-4952-A022-44F2C5712F35}.Debug|iPhone.ActiveCfg = Debug|iPhone
		{3E4494D5-2F5F-4952-A022-44F2C5712F35}.Debug|iPhone.Build.0 = Debug|iPhone
		{3E4494D5-2F5F-4952-A022-44F2C5712F35}.Release|iPhone.ActiveCfg = Release|iPhone
		{3E4494D5-2F5F-4952-A022-44F2C5712F35}.Release|iPhone.Build.0 = Release|iPhone
	EndGlobalSection
	GlobalSection(SolutionProperties) = preSolution
		HideSolutionNode = FALSE
	EndGlobalSection
	GlobalSection(ExtensibilityGlobals) = postSolution
		SolutionGuid = {21A17450-1849-4FEF-A14B-C0D0CDF5C750}
	EndGlobalSection
EndGlobal
